
Microsoft Visual Studio Solution File, Format Version 12.00
# Visual Studio Version 16
VisualStudioVersion = 16.0.31025.194
MinimumVisualStudioVersion = 10.0.40219.1
Project("{9A19103F-16F7-4668-BE54-9A1E7A4F7556}") = "CarSearcher.API", "CarSearcher.API\CarSearcher.API.csproj", "{CE77043D-41EB-49DA-9C16-D979544F0F3D}"
EndProject
Project("{2150E333-8FDC-42A3-9474-1A3956D46DE8}") = "Parsers", "Parsers", "{316037A9-197B-4FB1-8BAA-9A849E3B326B}"
EndProject
Project("{9A19103F-16F7-4668-BE54-9A1E7A4F7556}") = "CarSearcher.Parser.Core", "CarSearcher.Parser.Core\CarSearcher.Parser.Core.csproj", "{D8B7C079-4FB6-4EBE-A736-F234D2B88796}"
EndProject
Project("{9A19103F-16F7-4668-BE54-9A1E7A4F7556}") = "CarSearcher.ParserJob", "CarSearcher.ParserJob\CarSearcher.ParserJob.csproj", "{1133BA25-8F96-4735-99D6-017EB5349C9C}"
EndProject
Project("{2150E333-8FDC-42A3-9474-1A3956D46DE8}") = "Providers", "Providers", "{78AAE82D-DC7C-459C-9F68-5AA6164D85EA}"
EndProject
Project("{9A19103F-16F7-4668-BE54-9A1E7A4F7556}") = "CarSearcher.Parser.Rst", "CarSearcher.Parser.Rst\CarSearcher.Parser.Rst.csproj", "{A1523B9B-1E83-49A3-8CB3-2B9F47046B42}"
EndProject
Project("{2150E333-8FDC-42A3-9474-1A3956D46DE8}") = "Application", "Application", "{E412A6F1-E06A-4505-9FC1-DC9A9D04EEDC}"
EndProject
Project("{2150E333-8FDC-42A3-9474-1A3956D46DE8}") = "Domain", "Domain", "{5965C899-4B79-4233-AEF7-9EFC2ABA802D}"
EndProject
Project("{9A19103F-16F7-4668-BE54-9A1E7A4F7556}") = "CarSearcher.Core", "CarSearcher.Core\CarSearcher.Core.csproj", "{5A0F7F40-D975-49C1-B623-11E9764E5FF9}"
EndProject
Project("{2150E333-8FDC-42A3-9474-1A3956D46DE8}") = "UI", "UI", "{F2FB0453-845D-44EE-9F7E-2AB0468559C8}"
EndProject
Project("{2150E333-8FDC-42A3-9474-1A3956D46DE8}") = "DataAccess", "DataAccess", "{FB201E82-9D8B-4509-A92E-B08A2ECB3DBE}"
EndProject
Project("{FAE04EC0-301F-11D3-BF4B-00C04F79EFBC}") = "CarSearcher.DataAccess.EFCore", "CarSearcher.DataAccess.EFCore\CarSearcher.DataAccess.EFCore.csproj", "{C112EC13-F1FF-435C-80B6-1CB590B2F0F4}"
EndProject
Project("{2150E333-8FDC-42A3-9474-1A3956D46DE8}") = "Read", "Read", "{828B74B6-54D3-4F91-A3BB-A01DE309A33D}"
EndProject
Project("{2150E333-8FDC-42A3-9474-1A3956D46DE8}") = "Write", "Write", "{D8D2FD57-15E5-43F7-B207-28F11560C5FF}"
EndProject
Global
	GlobalSection(SolutionConfigurationPlatforms) = preSolution
		Debug|Any CPU = Debug|Any CPU
		Release|Any CPU = Release|Any CPU
	EndGlobalSection
	GlobalSection(ProjectConfigurationPlatforms) = postSolution
		{CE77043D-41EB-49DA-9C16-D979544F0F3D}.Debug|Any CPU.ActiveCfg = Debug|Any CPU
		{CE77043D-41EB-49DA-9C16-D979544F0F3D}.Debug|Any CPU.Build.0 = Debug|Any CPU
		{CE77043D-41EB-49DA-9C16-D979544F0F3D}.Release|Any CPU.ActiveCfg = Release|Any CPU
		{CE77043D-41EB-49DA-9C16-D979544F0F3D}.Release|Any CPU.Build.0 = Release|Any CPU
		{D8B7C079-4FB6-4EBE-A736-F234D2B88796}.Debug|Any CPU.ActiveCfg = Debug|Any CPU
		{D8B7C079-4FB6-4EBE-A736-F234D2B88796}.Debug|Any CPU.Build.0 = Debug|Any CPU
		{D8B7C079-4FB6-4EBE-A736-F234D2B88796}.Release|Any CPU.ActiveCfg = Release|Any CPU
		{D8B7C079-4FB6-4EBE-A736-F234D2B88796}.Release|Any CPU.Build.0 = Release|Any CPU
		{1133BA25-8F96-4735-99D6-017EB5349C9C}.Debug|Any CPU.ActiveCfg = Debug|Any CPU
		{1133BA25-8F96-4735-99D6-017EB5349C9C}.Debug|Any CPU.Build.0 = Debug|Any CPU
		{1133BA25-8F96-4735-99D6-017EB5349C9C}.Release|Any CPU.ActiveCfg = Release|Any CPU
		{1133BA25-8F96-4735-99D6-017EB5349C9C}.Release|Any CPU.Build.0 = Release|Any CPU
		{A1523B9B-1E83-49A3-8CB3-2B9F47046B42}.Debug|Any CPU.ActiveCfg = Debug|Any CPU
		{A1523B9B-1E83-49A3-8CB3-2B9F47046B42}.Debug|Any CPU.Build.0 = Debug|Any CPU
		{A1523B9B-1E83-49A3-8CB3-2B9F47046B42}.Release|Any CPU.ActiveCfg = Release|Any CPU
		{A1523B9B-1E83-49A3-8CB3-2B9F47046B42}.Release|Any CPU.Build.0 = Release|Any CPU
		{5A0F7F40-D975-49C1-B623-11E9764E5FF9}.Debug|Any CPU.ActiveCfg = Debug|Any CPU
		{5A0F7F40-D975-49C1-B623-11E9764E5FF9}.Debug|Any CPU.Build.0 = Debug|Any CPU
		{5A0F7F40-D975-49C1-B623-11E9764E5FF9}.Release|Any CPU.ActiveCfg = Release|Any CPU
		{5A0F7F40-D975-49C1-B623-11E9764E5FF9}.Release|Any CPU.Build.0 = Release|Any CPU
		{C112EC13-F1FF-435C-80B6-1CB590B2F0F4}.Debug|Any CPU.ActiveCfg = Debug|Any CPU
		{C112EC13-F1FF-435C-80B6-1CB590B2F0F4}.Debug|Any CPU.Build.0 = Debug|Any CPU
		{C112EC13-F1FF-435C-80B6-1CB590B2F0F4}.Release|Any CPU.ActiveCfg = Release|Any CPU
		{C112EC13-F1FF-435C-80B6-1CB590B2F0F4}.Release|Any CPU.Build.0 = Release|Any CPU
	EndGlobalSection
	GlobalSection(SolutionProperties) = preSolution
		HideSolutionNode = FALSE
	EndGlobalSection
	GlobalSection(NestedProjects) = preSolution
		{D8B7C079-4FB6-4EBE-A736-F234D2B88796} = {316037A9-197B-4FB1-8BAA-9A849E3B326B}
		{1133BA25-8F96-4735-99D6-017EB5349C9C} = {316037A9-197B-4FB1-8BAA-9A849E3B326B}
		{78AAE82D-DC7C-459C-9F68-5AA6164D85EA} = {316037A9-197B-4FB1-8BAA-9A849E3B326B}
		{A1523B9B-1E83-49A3-8CB3-2B9F47046B42} = {78AAE82D-DC7C-459C-9F68-5AA6164D85EA}
		{5A0F7F40-D975-49C1-B623-11E9764E5FF9} = {5965C899-4B79-4233-AEF7-9EFC2ABA802D}
		{C112EC13-F1FF-435C-80B6-1CB590B2F0F4} = {FB201E82-9D8B-4509-A92E-B08A2ECB3DBE}
		{828B74B6-54D3-4F91-A3BB-A01DE309A33D} = {E412A6F1-E06A-4505-9FC1-DC9A9D04EEDC}
		{D8D2FD57-15E5-43F7-B207-28F11560C5FF} = {E412A6F1-E06A-4505-9FC1-DC9A9D04EEDC}
	EndGlobalSection
	GlobalSection(ExtensibilityGlobals) = postSolution
		SolutionGuid = {6F3C4C64-67BC-475E-ACF5-F1A7A9AEB9FA}
	EndGlobalSection
EndGlobal
